
Microsoft Visual Studio Solution File, Format Version 12.00
# Visual Studio Version 17
VisualStudioVersion = 17.0.31912.275
MinimumVisualStudioVersion = 10.0.40219.1
Project("{FAE04EC0-301F-11D3-BF4B-00C04F79EFBC}") = "TheFinalBattle_v1", "TheFinalBattle_v1.csproj", "{1C3A35D8-5C05-4F71-82C2-B0F2F8792B56}"
EndProject
Global
	GlobalSection(SolutionConfigurationPlatforms) = preSolution
		Debug|Any CPU = Debug|Any CPU
		Release|Any CPU = Release|Any CPU
	EndGlobalSection
	GlobalSection(ProjectConfigurationPlatforms) = postSolution
		{1C3A35D8-5C05-4F71-82C2-B0F2F8792B56}.Debug|Any CPU.ActiveCfg = Debug|Any CPU
		{1C3A35D8-5C05-4F71-82C2-B0F2F8792B56}.Debug|Any CPU.Build.0 = Debug|Any CPU
		{1C3A35D8-5C05-4F71-82C2-B0F2F8792B56}.Release|Any CPU.ActiveCfg = Release|Any CPU
		{1C3A35D8-5C05-4F71-82C2-B0F2F8792B56}.Release|Any CPU.Build.0 = Release|Any CPU
	EndGlobalSection
	GlobalSection(SolutionProperties) = preSolution
		HideSolutionNode = FALSE
	EndGlobalSection
	GlobalSection(ExtensibilityGlobals) = postSolution
		SolutionGuid = {3F10D3F0-9851-4E8F-B685-6ED87F4DE522}
	EndGlobalSection
EndGlobal
